
Microsoft Visual Studio Solution File, Format Version 12.00
# Visual Studio 15
VisualStudioVersion = 15.0.26730.16
MinimumVisualStudioVersion = 10.0.40219.1
Project("{FAE04EC0-301F-11D3-BF4B-00C04F79EFBC}") = "NFe.AppTeste", "NFe.AppTeste\NFe.AppTeste.csproj", "{BB030128-9609-46D5-941C-1F53D95157E2}"
EndProject
Project("{FAE04EC0-301F-11D3-BF4B-00C04F79EFBC}") = "NFe.Integracao", "NFe.Integracao\NFe.Integracao.csproj", "{DD441D1C-1F4A-4631-AA72-015C4FA735D2}"
EndProject
Project("{FAE04EC0-301F-11D3-BF4B-00C04F79EFBC}") = "NFe.Danfe.Base", "NFe.Danfe.Base\NFe.Danfe.Base.csproj", "{80C6093C-47D5-41A1-9FA0-E218E82FA666}"
EndProject
Project("{FAE04EC0-301F-11D3-BF4B-00C04F79EFBC}") = "NFe.Danfe.Fast", "NFe.Danfe.Fast\NFe.Danfe.Fast.csproj", "{B7F6A2FF-FD0E-4B44-82B3-371605CD0510}"
EndProject
Project("{FAE04EC0-301F-11D3-BF4B-00C04F79EFBC}") = "NFe.Danfe.AppTeste", "NFe.Danfe.AppTeste\NFe.Danfe.AppTeste.csproj", "{DEFCCB64-84E6-45B1-984C-9CAF0BA8CC23}"
EndProject
Project("{2150E333-8FDC-42A3-9474-1A3956D46DE8}") = "MDFe", "MDFe", "{08D2F8D6-1E89-4414-80F5-3607D3174879}"
EndProject
Project("{FAE04EC0-301F-11D3-BF4B-00C04F79EFBC}") = "MDFe.AppTeste", "MDFe.AppTeste\MDFe.AppTeste.csproj", "{8994DDA1-E36B-40E5-9F98-C0C75CC61971}"
EndProject
Project("{FAE04EC0-301F-11D3-BF4B-00C04F79EFBC}") = "MDFe.Damdfe.Base", "MDFe.Damdfe.Base\MDFe.Damdfe.Base.csproj", "{2419900B-1E90-4181-9338-3E84237C3B00}"
EndProject
Project("{FAE04EC0-301F-11D3-BF4B-00C04F79EFBC}") = "MDFe.Damdfe.Fast", "MDFe.Damdfe.Fast\MDFe.Damdfe.Fast.csproj", "{730D4787-C8CF-4FA1-B9F5-DC814DBEAB7A}"
EndProject
Project("{FAE04EC0-301F-11D3-BF4B-00C04F79EFBC}") = "MDFe.Damdfe.AppTeste", "MDFe.Damdfe.AppTeste\MDFe.Damdfe.AppTeste.csproj", "{E34320D9-C822-41CF-B11D-C4B64001748B}"
EndProject
Project("{FAE04EC0-301F-11D3-BF4B-00C04F79EFBC}") = "NFe.Danfe.Nativo", "NFe.Danfe.Nativo\NFe.Danfe.Nativo.csproj", "{BA27D218-484B-4F08-BAB9-38C02181BDED}"
EndProject
Project("{FAE04EC0-301F-11D3-BF4B-00C04F79EFBC}") = "GraphicsPrinter", "GraphicsPrinter\GraphicsPrinter.csproj", "{3067EFCC-91DE-48EA-8F7E-E0D95216C6DC}"
EndProject
Project("{2150E333-8FDC-42A3-9474-1A3956D46DE8}") = "CTe", "CTe", "{FE769B0F-5C0F-4A54-81F6-CF878ACCAB3D}"
EndProject
Project("{FAE04EC0-301F-11D3-BF4B-00C04F79EFBC}") = "CTe.AppTeste", "CTe.AppTeste\CTe.AppTeste.csproj", "{47A90E97-AD65-4673-91CB-B42065E9C575}"
EndProject
Project("{FAE04EC0-301F-11D3-BF4B-00C04F79EFBC}") = "CTe.Dacte.Base", "CTe.Dacte.Base\CTe.Dacte.Base.csproj", "{E46ECA77-8732-4D99-9460-FA5E2CD90266}"
EndProject
Project("{FAE04EC0-301F-11D3-BF4B-00C04F79EFBC}") = "CTe.Dacte.Fast", "CTe.Dacte.Fast\CTe.Dacte.Fast.csproj", "{1D58CBBD-56A5-4A10-8DAB-F795D35150EE}"
EndProject
Project("{FAE04EC0-301F-11D3-BF4B-00C04F79EFBC}") = "CTe.Dacte.AppTeste", "CTe.Dacte.AppTeste\CTe.Dacte.AppTeste.csproj", "{827FA496-0F49-4E93-8CE9-2246CCD353B8}"
EndProject
Project("{FAE04EC0-301F-11D3-BF4B-00C04F79EFBC}") = "DFe", "DFe\DFe.csproj", "{5D92FE73-17C8-4F06-B9AF-7F8F70B6D8C4}"
EndProject
Project("{2150E333-8FDC-42A3-9474-1A3956D46DE8}") = "Testes", "Testes", "{87AE1A76-1054-4B1D-832E-540A779BED70}"
EndProject
Project("{FAE04EC0-301F-11D3-BF4B-00C04F79EFBC}") = "DFeTeste", "DFeTeste\DFeTeste.csproj", "{6D040D1F-E079-4E32-B7DF-6E13D5141180}"
EndProject
Project("{9A19103F-16F7-4668-BE54-9A1E7A4F7556}") = "DFeStandard", "DFeStandard\DFeStandard.csproj", "{19C22E52-EC12-410E-8855-4126994B3842}"
EndProject
Project("{2150E333-8FDC-42A3-9474-1A3956D46DE8}") = "AppsTeste", "AppsTeste", "{5CFAEE9A-FFB3-41AE-8AD7-56FA08147D42}"
EndProject
Project("{2150E333-8FDC-42A3-9474-1A3956D46DE8}") = "NFe", "NFe", "{BF4512FB-23C8-4C44-A986-49EE346F7907}"
EndProject
Project("{2150E333-8FDC-42A3-9474-1A3956D46DE8}") = "Impessoes", "Impessoes", "{8AA8410F-4693-452C-9681-4B5BE13FDBDF}"
EndProject
Global
	GlobalSection(SolutionConfigurationPlatforms) = preSolution
		Debug|Any CPU = Debug|Any CPU
		Release|Any CPU = Release|Any CPU
	EndGlobalSection
	GlobalSection(ProjectConfigurationPlatforms) = postSolution
		{BB030128-9609-46D5-941C-1F53D95157E2}.Debug|Any CPU.ActiveCfg = Debug|Any CPU
		{BB030128-9609-46D5-941C-1F53D95157E2}.Debug|Any CPU.Build.0 = Debug|Any CPU
		{BB030128-9609-46D5-941C-1F53D95157E2}.Release|Any CPU.ActiveCfg = Release|Any CPU
		{BB030128-9609-46D5-941C-1F53D95157E2}.Release|Any CPU.Build.0 = Release|Any CPU
		{DD441D1C-1F4A-4631-AA72-015C4FA735D2}.Debug|Any CPU.ActiveCfg = Debug|Any CPU
		{DD441D1C-1F4A-4631-AA72-015C4FA735D2}.Debug|Any CPU.Build.0 = Debug|Any CPU
		{DD441D1C-1F4A-4631-AA72-015C4FA735D2}.Release|Any CPU.ActiveCfg = Release|Any CPU
		{DD441D1C-1F4A-4631-AA72-015C4FA735D2}.Release|Any CPU.Build.0 = Release|Any CPU
		{80C6093C-47D5-41A1-9FA0-E218E82FA666}.Debug|Any CPU.ActiveCfg = Debug|Any CPU
		{80C6093C-47D5-41A1-9FA0-E218E82FA666}.Debug|Any CPU.Build.0 = Debug|Any CPU
		{80C6093C-47D5-41A1-9FA0-E218E82FA666}.Release|Any CPU.ActiveCfg = Release|Any CPU
		{80C6093C-47D5-41A1-9FA0-E218E82FA666}.Release|Any CPU.Build.0 = Release|Any CPU
		{B7F6A2FF-FD0E-4B44-82B3-371605CD0510}.Debug|Any CPU.ActiveCfg = Debug|Any CPU
		{B7F6A2FF-FD0E-4B44-82B3-371605CD0510}.Debug|Any CPU.Build.0 = Debug|Any CPU
		{B7F6A2FF-FD0E-4B44-82B3-371605CD0510}.Release|Any CPU.ActiveCfg = Release|Any CPU
		{B7F6A2FF-FD0E-4B44-82B3-371605CD0510}.Release|Any CPU.Build.0 = Release|Any CPU
		{DEFCCB64-84E6-45B1-984C-9CAF0BA8CC23}.Debug|Any CPU.ActiveCfg = Debug|Any CPU
		{DEFCCB64-84E6-45B1-984C-9CAF0BA8CC23}.Debug|Any CPU.Build.0 = Debug|Any CPU
		{DEFCCB64-84E6-45B1-984C-9CAF0BA8CC23}.Release|Any CPU.ActiveCfg = Release|Any CPU
		{DEFCCB64-84E6-45B1-984C-9CAF0BA8CC23}.Release|Any CPU.Build.0 = Release|Any CPU
		{8994DDA1-E36B-40E5-9F98-C0C75CC61971}.Debug|Any CPU.ActiveCfg = Debug|Any CPU
		{8994DDA1-E36B-40E5-9F98-C0C75CC61971}.Debug|Any CPU.Build.0 = Debug|Any CPU
		{8994DDA1-E36B-40E5-9F98-C0C75CC61971}.Release|Any CPU.ActiveCfg = Release|Any CPU
		{8994DDA1-E36B-40E5-9F98-C0C75CC61971}.Release|Any CPU.Build.0 = Release|Any CPU
		{2419900B-1E90-4181-9338-3E84237C3B00}.Debug|Any CPU.ActiveCfg = Debug|Any CPU
		{2419900B-1E90-4181-9338-3E84237C3B00}.Debug|Any CPU.Build.0 = Debug|Any CPU
		{2419900B-1E90-4181-9338-3E84237C3B00}.Release|Any CPU.ActiveCfg = Release|Any CPU
		{2419900B-1E90-4181-9338-3E84237C3B00}.Release|Any CPU.Build.0 = Release|Any CPU
		{730D4787-C8CF-4FA1-B9F5-DC814DBEAB7A}.Debug|Any CPU.ActiveCfg = Debug|Any CPU
		{730D4787-C8CF-4FA1-B9F5-DC814DBEAB7A}.Debug|Any CPU.Build.0 = Debug|Any CPU
		{730D4787-C8CF-4FA1-B9F5-DC814DBEAB7A}.Release|Any CPU.ActiveCfg = Release|Any CPU
		{730D4787-C8CF-4FA1-B9F5-DC814DBEAB7A}.Release|Any CPU.Build.0 = Release|Any CPU
		{E34320D9-C822-41CF-B11D-C4B64001748B}.Debug|Any CPU.ActiveCfg = Debug|Any CPU
		{E34320D9-C822-41CF-B11D-C4B64001748B}.Debug|Any CPU.Build.0 = Debug|Any CPU
		{E34320D9-C822-41CF-B11D-C4B64001748B}.Release|Any CPU.ActiveCfg = Release|Any CPU
		{E34320D9-C822-41CF-B11D-C4B64001748B}.Release|Any CPU.Build.0 = Release|Any CPU
		{BA27D218-484B-4F08-BAB9-38C02181BDED}.Debug|Any CPU.ActiveCfg = Debug|Any CPU
		{BA27D218-484B-4F08-BAB9-38C02181BDED}.Debug|Any CPU.Build.0 = Debug|Any CPU
		{BA27D218-484B-4F08-BAB9-38C02181BDED}.Release|Any CPU.ActiveCfg = Release|Any CPU
		{BA27D218-484B-4F08-BAB9-38C02181BDED}.Release|Any CPU.Build.0 = Release|Any CPU
		{3067EFCC-91DE-48EA-8F7E-E0D95216C6DC}.Debug|Any CPU.ActiveCfg = Debug|Any CPU
		{3067EFCC-91DE-48EA-8F7E-E0D95216C6DC}.Debug|Any CPU.Build.0 = Debug|Any CPU
		{3067EFCC-91DE-48EA-8F7E-E0D95216C6DC}.Release|Any CPU.ActiveCfg = Release|Any CPU
		{3067EFCC-91DE-48EA-8F7E-E0D95216C6DC}.Release|Any CPU.Build.0 = Release|Any CPU
		{47A90E97-AD65-4673-91CB-B42065E9C575}.Debug|Any CPU.ActiveCfg = Debug|Any CPU
		{47A90E97-AD65-4673-91CB-B42065E9C575}.Debug|Any CPU.Build.0 = Debug|Any CPU
		{47A90E97-AD65-4673-91CB-B42065E9C575}.Release|Any CPU.ActiveCfg = Release|Any CPU
		{47A90E97-AD65-4673-91CB-B42065E9C575}.Release|Any CPU.Build.0 = Release|Any CPU
		{E46ECA77-8732-4D99-9460-FA5E2CD90266}.Debug|Any CPU.ActiveCfg = Debug|Any CPU
		{E46ECA77-8732-4D99-9460-FA5E2CD90266}.Debug|Any CPU.Build.0 = Debug|Any CPU
		{E46ECA77-8732-4D99-9460-FA5E2CD90266}.Release|Any CPU.ActiveCfg = Release|Any CPU
		{E46ECA77-8732-4D99-9460-FA5E2CD90266}.Release|Any CPU.Build.0 = Release|Any CPU
		{1D58CBBD-56A5-4A10-8DAB-F795D35150EE}.Debug|Any CPU.ActiveCfg = Debug|Any CPU
		{1D58CBBD-56A5-4A10-8DAB-F795D35150EE}.Debug|Any CPU.Build.0 = Debug|Any CPU
		{1D58CBBD-56A5-4A10-8DAB-F795D35150EE}.Release|Any CPU.ActiveCfg = Release|Any CPU
		{1D58CBBD-56A5-4A10-8DAB-F795D35150EE}.Release|Any CPU.Build.0 = Release|Any CPU
		{827FA496-0F49-4E93-8CE9-2246CCD353B8}.Debug|Any CPU.ActiveCfg = Debug|Any CPU
		{827FA496-0F49-4E93-8CE9-2246CCD353B8}.Debug|Any CPU.Build.0 = Debug|Any CPU
		{827FA496-0F49-4E93-8CE9-2246CCD353B8}.Release|Any CPU.ActiveCfg = Release|Any CPU
		{827FA496-0F49-4E93-8CE9-2246CCD353B8}.Release|Any CPU.Build.0 = Release|Any CPU
		{5D92FE73-17C8-4F06-B9AF-7F8F70B6D8C4}.Debug|Any CPU.ActiveCfg = Debug|Any CPU
		{5D92FE73-17C8-4F06-B9AF-7F8F70B6D8C4}.Debug|Any CPU.Build.0 = Debug|Any CPU
		{5D92FE73-17C8-4F06-B9AF-7F8F70B6D8C4}.Release|Any CPU.ActiveCfg = Release|Any CPU
		{5D92FE73-17C8-4F06-B9AF-7F8F70B6D8C4}.Release|Any CPU.Build.0 = Release|Any CPU
		{6D040D1F-E079-4E32-B7DF-6E13D5141180}.Debug|Any CPU.ActiveCfg = Debug|Any CPU
		{6D040D1F-E079-4E32-B7DF-6E13D5141180}.Debug|Any CPU.Build.0 = Debug|Any CPU
		{6D040D1F-E079-4E32-B7DF-6E13D5141180}.Release|Any CPU.ActiveCfg = Release|Any CPU
		{6D040D1F-E079-4E32-B7DF-6E13D5141180}.Release|Any CPU.Build.0 = Release|Any CPU
		{19C22E52-EC12-410E-8855-4126994B3842}.Debug|Any CPU.ActiveCfg = Debug|Any CPU
		{19C22E52-EC12-410E-8855-4126994B3842}.Debug|Any CPU.Build.0 = Debug|Any CPU
		{19C22E52-EC12-410E-8855-4126994B3842}.Release|Any CPU.ActiveCfg = Release|Any CPU
		{19C22E52-EC12-410E-8855-4126994B3842}.Release|Any CPU.Build.0 = Release|Any CPU
	EndGlobalSection
	GlobalSection(SolutionProperties) = preSolution
		HideSolutionNode = FALSE
	EndGlobalSection
	GlobalSection(NestedProjects) = preSolution
		{BB030128-9609-46D5-941C-1F53D95157E2} = {5CFAEE9A-FFB3-41AE-8AD7-56FA08147D42}
		{DD441D1C-1F4A-4631-AA72-015C4FA735D2} = {BF4512FB-23C8-4C44-A986-49EE346F7907}
		{80C6093C-47D5-41A1-9FA0-E218E82FA666} = {BF4512FB-23C8-4C44-A986-49EE346F7907}
		{B7F6A2FF-FD0E-4B44-82B3-371605CD0510} = {BF4512FB-23C8-4C44-A986-49EE346F7907}
		{DEFCCB64-84E6-45B1-984C-9CAF0BA8CC23} = {5CFAEE9A-FFB3-41AE-8AD7-56FA08147D42}
		{08D2F8D6-1E89-4414-80F5-3607D3174879} = {8AA8410F-4693-452C-9681-4B5BE13FDBDF}
		{8994DDA1-E36B-40E5-9F98-C0C75CC61971} = {5CFAEE9A-FFB3-41AE-8AD7-56FA08147D42}
		{2419900B-1E90-4181-9338-3E84237C3B00} = {08D2F8D6-1E89-4414-80F5-3607D3174879}
		{730D4787-C8CF-4FA1-B9F5-DC814DBEAB7A} = {08D2F8D6-1E89-4414-80F5-3607D3174879}
		{E34320D9-C822-41CF-B11D-C4B64001748B} = {5CFAEE9A-FFB3-41AE-8AD7-56FA08147D42}
		{BA27D218-484B-4F08-BAB9-38C02181BDED} = {BF4512FB-23C8-4C44-A986-49EE346F7907}
		{3067EFCC-91DE-48EA-8F7E-E0D95216C6DC} = {8AA8410F-4693-452C-9681-4B5BE13FDBDF}
		{FE769B0F-5C0F-4A54-81F6-CF878ACCAB3D} = {8AA8410F-4693-452C-9681-4B5BE13FDBDF}
		{47A90E97-AD65-4673-91CB-B42065E9C575} = {5CFAEE9A-FFB3-41AE-8AD7-56FA08147D42}
		{E46ECA77-8732-4D99-9460-FA5E2CD90266} = {FE769B0F-5C0F-4A54-81F6-CF878ACCAB3D}
		{1D58CBBD-56A5-4A10-8DAB-F795D35150EE} = {FE769B0F-5C0F-4A54-81F6-CF878ACCAB3D}
		{827FA496-0F49-4E93-8CE9-2246CCD353B8} = {5CFAEE9A-FFB3-41AE-8AD7-56FA08147D42}
		{6D040D1F-E079-4E32-B7DF-6E13D5141180} = {87AE1A76-1054-4B1D-832E-540A779BED70}
		{BF4512FB-23C8-4C44-A986-49EE346F7907} = {8AA8410F-4693-452C-9681-4B5BE13FDBDF}
	EndGlobalSection
	GlobalSection(ExtensibilityGlobals) = postSolution
		SolutionGuid = {EFB85CF1-8D58-4BA0-B597-57DA1C3E53AF}
	EndGlobalSection
EndGlobal
