
Microsoft Visual Studio Solution File, Format Version 12.00
# Visual Studio 15
VisualStudioVersion = 15.0.26430.14
MinimumVisualStudioVersion = 10.0.40219.1
Project("{FAE04EC0-301F-11D3-BF4B-00C04F79EFBC}") = "NFe.Classes", "NFe.Classes\NFe.Classes.csproj", "{29CA1DA2-440D-484B-951A-CF1B2EB27984}"
EndProject
Project("{FAE04EC0-301F-11D3-BF4B-00C04F79EFBC}") = "NFe.Utils", "NFe.Utils\NFe.Utils.csproj", "{E35E7C4A-5690-4979-8B43-002975B48EAA}"
EndProject
Project("{FAE04EC0-301F-11D3-BF4B-00C04F79EFBC}") = "NFe.AppTeste", "NFe.AppTeste\NFe.AppTeste.csproj", "{BB030128-9609-46D5-941C-1F53D95157E2}"
EndProject
Project("{FAE04EC0-301F-11D3-BF4B-00C04F79EFBC}") = "NFe.Servicos", "NFe.Servicos\NFe.Servicos.csproj", "{CCFDB136-3EE3-4AED-AA69-26ABBCB553C6}"
EndProject
Project("{FAE04EC0-301F-11D3-BF4B-00C04F79EFBC}") = "NFe.Wsdl", "NFe.Wsdl\NFe.Wsdl.csproj", "{23BA5FA7-8BD6-4AE1-9895-54F119DD15FA}"
EndProject
Project("{FAE04EC0-301F-11D3-BF4B-00C04F79EFBC}") = "NFe.Integracao", "NFe.Integracao\NFe.Integracao.csproj", "{DD441D1C-1F4A-4631-AA72-015C4FA735D2}"
EndProject
Project("{FAE04EC0-301F-11D3-BF4B-00C04F79EFBC}") = "NFe.Danfe.Base", "NFe.Danfe.Base\NFe.Danfe.Base.csproj", "{80C6093C-47D5-41A1-9FA0-E218E82FA666}"
EndProject
Project("{FAE04EC0-301F-11D3-BF4B-00C04F79EFBC}") = "NFe.Danfe.Fast", "NFe.Danfe.Fast\NFe.Danfe.Fast.csproj", "{B7F6A2FF-FD0E-4B44-82B3-371605CD0510}"
EndProject
Project("{FAE04EC0-301F-11D3-BF4B-00C04F79EFBC}") = "NFe.Danfe.AppTeste", "NFe.Danfe.AppTeste\NFe.Danfe.AppTeste.csproj", "{DEFCCB64-84E6-45B1-984C-9CAF0BA8CC23}"
EndProject
Project("{2150E333-8FDC-42A3-9474-1A3956D46DE8}") = "MDFe", "MDFe", "{08D2F8D6-1E89-4414-80F5-3607D3174879}"
EndProject
Project("{FAE04EC0-301F-11D3-BF4B-00C04F79EFBC}") = "MDFe.Classes", "MDFe.Classes\MDFe.Classes.csproj", "{9794CB98-4691-4218-A127-C573C2E7FF83}"
EndProject
Project("{FAE04EC0-301F-11D3-BF4B-00C04F79EFBC}") = "DFe.Classes", "DFe.Classes\DFe.Classes.csproj", "{9984EC15-18E1-4A87-B4DB-18AC913DC4E8}"
EndProject
Project("{FAE04EC0-301F-11D3-BF4B-00C04F79EFBC}") = "DFe.Utils", "DFe.Utils\DFe.Utils.csproj", "{B4E1A7A6-5D66-4326-8A8D-39338E6FC84C}"
EndProject
Project("{FAE04EC0-301F-11D3-BF4B-00C04F79EFBC}") = "MDFe.AppTeste", "MDFe.AppTeste\MDFe.AppTeste.csproj", "{8994DDA1-E36B-40E5-9F98-C0C75CC61971}"
	ProjectSection(ProjectDependencies) = postProject
		{81B3BC65-A499-4E19-8AB4-09C6D874C540} = {81B3BC65-A499-4E19-8AB4-09C6D874C540}
		{9587937A-A826-4785-9D1E-3A9F4A622B7C} = {9587937A-A826-4785-9D1E-3A9F4A622B7C}
		{9C0678EB-78F2-49C6-91BF-38148FC37FBB} = {9C0678EB-78F2-49C6-91BF-38148FC37FBB}
	EndProjectSection
EndProject
Project("{FAE04EC0-301F-11D3-BF4B-00C04F79EFBC}") = "MDFe.Utils", "MDFe.Utils\MDFe.Utils.csproj", "{9C0678EB-78F2-49C6-91BF-38148FC37FBB}"
EndProject
Project("{FAE04EC0-301F-11D3-BF4B-00C04F79EFBC}") = "MDFe.Servicos", "MDFe.Servicos\MDFe.Servicos.csproj", "{9587937A-A826-4785-9D1E-3A9F4A622B7C}"
EndProject
Project("{FAE04EC0-301F-11D3-BF4B-00C04F79EFBC}") = "MDFe.Wsdl", "MDFe.Wsdl\MDFe.Wsdl.csproj", "{81B3BC65-A499-4E19-8AB4-09C6D874C540}"
EndProject
Project("{FAE04EC0-301F-11D3-BF4B-00C04F79EFBC}") = "MDFe.Damdfe.Base", "MDFe.Damdfe.Base\MDFe.Damdfe.Base.csproj", "{2419900B-1E90-4181-9338-3E84237C3B00}"
EndProject
Project("{FAE04EC0-301F-11D3-BF4B-00C04F79EFBC}") = "MDFe.Damdfe.Fast", "MDFe.Damdfe.Fast\MDFe.Damdfe.Fast.csproj", "{730D4787-C8CF-4FA1-B9F5-DC814DBEAB7A}"
EndProject
Project("{FAE04EC0-301F-11D3-BF4B-00C04F79EFBC}") = "MDFe.Damdfe.AppTeste", "MDFe.Damdfe.AppTeste\MDFe.Damdfe.AppTeste.csproj", "{E34320D9-C822-41CF-B11D-C4B64001748B}"
EndProject
Project("{FAE04EC0-301F-11D3-BF4B-00C04F79EFBC}") = "NFe.Danfe.Nativo", "NFe.Danfe.Nativo\NFe.Danfe.Nativo.csproj", "{BA27D218-484B-4F08-BAB9-38C02181BDED}"
EndProject
Project("{FAE04EC0-301F-11D3-BF4B-00C04F79EFBC}") = "GraphicsPrinter", "GraphicsPrinter\GraphicsPrinter.csproj", "{3067EFCC-91DE-48EA-8F7E-E0D95216C6DC}"
EndProject
Project("{2150E333-8FDC-42A3-9474-1A3956D46DE8}") = "CTe", "CTe", "{FE769B0F-5C0F-4A54-81F6-CF878ACCAB3D}"
EndProject
Project("{FAE04EC0-301F-11D3-BF4B-00C04F79EFBC}") = "CTe.Classes", "CTe.Classes\CTe.Classes.csproj", "{C86E3921-F0B8-4BFE-9EF1-0E9084326B13}"
EndProject
Project("{FAE04EC0-301F-11D3-BF4B-00C04F79EFBC}") = "CTe.Servicos", "CTe.Servicos\CTe.Servicos.csproj", "{63227402-2B1E-4BC7-A6DF-362129923CF6}"
EndProject
Project("{FAE04EC0-301F-11D3-BF4B-00C04F79EFBC}") = "CTe.Wsdl", "CTe.Wsdl\CTe.Wsdl.csproj", "{9CC914F9-4C3E-43BB-A34B-A12AE4923548}"
EndProject
Project("{FAE04EC0-301F-11D3-BF4B-00C04F79EFBC}") = "CTe.Utils", "CTe.Utils\CTe.Utils.csproj", "{21A894EC-B79E-4936-BFF3-ABEAD2E5C44F}"
EndProject
Project("{FAE04EC0-301F-11D3-BF4B-00C04F79EFBC}") = "CTe.AppTeste", "CTe.AppTeste\CTe.AppTeste.csproj", "{47A90E97-AD65-4673-91CB-B42065E9C575}"
EndProject
Project("{FAE04EC0-301F-11D3-BF4B-00C04F79EFBC}") = "CTe.Dacte.Base", "CTe.Dacte.Base\CTe.Dacte.Base.csproj", "{E46ECA77-8732-4D99-9460-FA5E2CD90266}"
EndProject
Project("{FAE04EC0-301F-11D3-BF4B-00C04F79EFBC}") = "CTe.Dacte.Fast", "CTe.Dacte.Fast\CTe.Dacte.Fast.csproj", "{1D58CBBD-56A5-4A10-8DAB-F795D35150EE}"
EndProject
Project("{FAE04EC0-301F-11D3-BF4B-00C04F79EFBC}") = "CTe.Dacte.AppTeste", "CTe.Dacte.AppTeste\CTe.Dacte.AppTeste.csproj", "{827FA496-0F49-4E93-8CE9-2246CCD353B8}"
EndProject
Project("{2150E333-8FDC-42A3-9474-1A3956D46DE8}") = "testes", "testes", "{164EF13E-7F27-4BC8-92A4-A82B1696B279}"
EndProject
Project("{FAE04EC0-301F-11D3-BF4B-00C04F79EFBC}") = "NFe.Testes", "NFe.Testes\NFe.Testes.csproj", "{3E44EA28-96AE-4FAC-9E38-ADC2E12930F1}"
EndProject
Project("{D954291E-2A0B-460D-934E-DC6B0785DB48}") = "Shared.NFe.Classes", "Shared.NFe.Classes\Shared.NFe.Classes.shproj", "{4CC78350-9E01-465A-AC60-E31A53CEFE24}"
EndProject
Project("{9A19103F-16F7-4668-BE54-9A1E7A4F7556}") = "NFe.Classes.Standard", "NFe.Classes.Standard\NFe.Classes.Standard.csproj", "{744D38A4-773E-4EA3-9DAB-30394AD65678}"
EndProject
Project("{D954291E-2A0B-460D-934E-DC6B0785DB48}") = "Shared.DFe.Classes", "Shared.DFe.Classes\Shared.DFe.Classes.shproj", "{3108968D-D505-4365-966F-BBE3CBF63C35}"
EndProject
Project("{D954291E-2A0B-460D-934E-DC6B0785DB48}") = "Shared.DFe.Utils", "Shared.DFe.Utils\Shared.DFe.Utils.shproj", "{E1888E9E-0273-40CB-A569-2AD023907140}"
EndProject
Project("{2150E333-8FDC-42A3-9474-1A3956D46DE8}") = "NFe", "NFe", "{F981A8AC-E660-492B-8BF3-CBF70B66E392}"
EndProject
Project("{2150E333-8FDC-42A3-9474-1A3956D46DE8}") = "Danfe", "Danfe", "{003B008B-F388-4FB5-A081-12C0FBA84B57}"
EndProject
Project("{2150E333-8FDC-42A3-9474-1A3956D46DE8}") = "AppTeste", "AppTeste", "{3AC1A3D4-91D0-471A-AF9C-5EF8442F3F27}"
EndProject
Project("{2150E333-8FDC-42A3-9474-1A3956D46DE8}") = "AppTeste", "AppTeste", "{3960070E-93C9-4852-8A53-F4918D602782}"
EndProject
Project("{2150E333-8FDC-42A3-9474-1A3956D46DE8}") = "Shared", "Shared", "{A802BD59-CC36-4CB1-95B1-64CD72E1DC0C}"
EndProject
Project("{D954291E-2A0B-460D-934E-DC6B0785DB48}") = "Shared.NFe.Servicos", "Shared.NFe.Servicos\Shared.NFe.Servicos.shproj", "{57631341-C61B-49C6-A6ED-317EC42B1581}"
EndProject
Project("{D954291E-2A0B-460D-934E-DC6B0785DB48}") = "Shared.NFe.Utils", "Shared.NFe.Utils\Shared.NFe.Utils.shproj", "{E7A4800F-B2ED-4495-B847-C4BF5654E24E}"
EndProject
Project("{9A19103F-16F7-4668-BE54-9A1E7A4F7556}") = "NFe.Utils.Testes", "NFe.Utils.Testes\NFe.Utils.Testes.csproj", "{10E0CB25-B295-4624-BF3D-CA038B73CCCA}"
EndProject
Project("{2150E333-8FDC-42A3-9474-1A3956D46DE8}") = "SMDFe", "SMDFe", "{26B03049-0A3C-4C36-ACC1-F8B13C95EE2E}"
EndProject
Project("{9A19103F-16F7-4668-BE54-9A1E7A4F7556}") = "SMDFe.Utils", "SMDFe.Utils\SMDFe.Utils.csproj", "{8D357EC0-9082-4B4E-82D8-AE65AC655EB8}"
EndProject
Project("{9A19103F-16F7-4668-BE54-9A1E7A4F7556}") = "SMDFe.Damdfe.Base", "SMDFe.Damdfe.Base\SMDFe.Damdfe.Base.csproj", "{E3B34783-7DF1-4775-AD36-5C57B8BCF2CF}"
EndProject
Project("{9A19103F-16F7-4668-BE54-9A1E7A4F7556}") = "SMDFe.Classes", "SMDFe.Classes\SMDFe.Classes.csproj", "{71A408E4-299C-4A71-AD98-92354588BFDD}"
EndProject
Project("{9A19103F-16F7-4668-BE54-9A1E7A4F7556}") = "SMDFe.Damdfe.Fast", "SMDFe.Damdfe.Fast\SMDFe.Damdfe.Fast.csproj", "{9FB384A3-3D5C-43B1-BB3A-26E66CF1D511}"
EndProject
Project("{9A19103F-16F7-4668-BE54-9A1E7A4F7556}") = "SMDFe.Wsdl", "SMDFe.Wsdl\SMDFe.Wsdl.csproj", "{AC8E1A36-2651-441D-9ADF-EDEF0239409A}"
EndProject
Project("{9A19103F-16F7-4668-BE54-9A1E7A4F7556}") = "SMDFe.Servicos", "SMDFe.Servicos\SMDFe.Servicos.csproj", "{16AC3712-E03D-4EBC-AB55-807FC9C46066}"
EndProject
Project("{FAE04EC0-301F-11D3-BF4B-00C04F79EFBC}") = "TestandoWsdl", "TestandoWsdl\TestandoWsdl.csproj", "{AB0C93F9-62A1-4337-8853-41E072544DBE}"
EndProject
Global
	GlobalSection(SharedMSBuildProjectFiles) = preSolution
		Shared.NFe.Classes\Shared.NFe.Classes.projitems*{29ca1da2-440d-484b-951a-cf1b2eb27984}*SharedItemsImports = 4
		Shared.DFe.Classes\Shared.DFe.Classes.projitems*{3108968d-d505-4365-966f-bbe3cbf63c35}*SharedItemsImports = 13
		Shared.NFe.Classes\Shared.NFe.Classes.projitems*{4cc78350-9e01-465a-ac60-e31a53cefe24}*SharedItemsImports = 13
		Shared.NFe.Servicos\Shared.NFe.Servicos.projitems*{57631341-c61b-49c6-a6ed-317ec42b1581}*SharedItemsImports = 13
		Shared.DFe.Classes\Shared.DFe.Classes.projitems*{9984ec15-18e1-4a87-b4db-18ac913dc4e8}*SharedItemsImports = 4
		Shared.DFe.Utils\Shared.DFe.Utils.projitems*{b4e1a7a6-5d66-4326-8a8d-39338e6fc84c}*SharedItemsImports = 4
		Shared.DFe.Utils\Shared.DFe.Utils.projitems*{e1888e9e-0273-40cb-a569-2ad023907140}*SharedItemsImports = 13
		Shared.NFe.Utils\Shared.NFe.Utils.projitems*{e35e7c4a-5690-4979-8b43-002975b48eaa}*SharedItemsImports = 4
		Shared.NFe.Utils\Shared.NFe.Utils.projitems*{e7a4800f-b2ed-4495-b847-c4bf5654e24e}*SharedItemsImports = 13
	EndGlobalSection
	GlobalSection(SolutionConfigurationPlatforms) = preSolution
		Debug|Any CPU = Debug|Any CPU
		Release|Any CPU = Release|Any CPU
	EndGlobalSection
	GlobalSection(ProjectConfigurationPlatforms) = postSolution
		{29CA1DA2-440D-484B-951A-CF1B2EB27984}.Debug|Any CPU.ActiveCfg = Debug|Any CPU
		{29CA1DA2-440D-484B-951A-CF1B2EB27984}.Debug|Any CPU.Build.0 = Debug|Any CPU
		{29CA1DA2-440D-484B-951A-CF1B2EB27984}.Release|Any CPU.ActiveCfg = Release|Any CPU
		{29CA1DA2-440D-484B-951A-CF1B2EB27984}.Release|Any CPU.Build.0 = Release|Any CPU
		{E35E7C4A-5690-4979-8B43-002975B48EAA}.Debug|Any CPU.ActiveCfg = Debug|Any CPU
		{E35E7C4A-5690-4979-8B43-002975B48EAA}.Debug|Any CPU.Build.0 = Debug|Any CPU
		{E35E7C4A-5690-4979-8B43-002975B48EAA}.Release|Any CPU.ActiveCfg = Release|Any CPU
		{E35E7C4A-5690-4979-8B43-002975B48EAA}.Release|Any CPU.Build.0 = Release|Any CPU
		{BB030128-9609-46D5-941C-1F53D95157E2}.Debug|Any CPU.ActiveCfg = Debug|Any CPU
		{BB030128-9609-46D5-941C-1F53D95157E2}.Debug|Any CPU.Build.0 = Debug|Any CPU
		{BB030128-9609-46D5-941C-1F53D95157E2}.Release|Any CPU.ActiveCfg = Release|Any CPU
		{BB030128-9609-46D5-941C-1F53D95157E2}.Release|Any CPU.Build.0 = Release|Any CPU
		{CCFDB136-3EE3-4AED-AA69-26ABBCB553C6}.Debug|Any CPU.ActiveCfg = Debug|Any CPU
		{CCFDB136-3EE3-4AED-AA69-26ABBCB553C6}.Debug|Any CPU.Build.0 = Debug|Any CPU
		{CCFDB136-3EE3-4AED-AA69-26ABBCB553C6}.Release|Any CPU.ActiveCfg = Release|Any CPU
		{CCFDB136-3EE3-4AED-AA69-26ABBCB553C6}.Release|Any CPU.Build.0 = Release|Any CPU
		{23BA5FA7-8BD6-4AE1-9895-54F119DD15FA}.Debug|Any CPU.ActiveCfg = Debug|Any CPU
		{23BA5FA7-8BD6-4AE1-9895-54F119DD15FA}.Debug|Any CPU.Build.0 = Debug|Any CPU
		{23BA5FA7-8BD6-4AE1-9895-54F119DD15FA}.Release|Any CPU.ActiveCfg = Release|Any CPU
		{23BA5FA7-8BD6-4AE1-9895-54F119DD15FA}.Release|Any CPU.Build.0 = Release|Any CPU
		{DD441D1C-1F4A-4631-AA72-015C4FA735D2}.Debug|Any CPU.ActiveCfg = Debug|Any CPU
		{DD441D1C-1F4A-4631-AA72-015C4FA735D2}.Debug|Any CPU.Build.0 = Debug|Any CPU
		{DD441D1C-1F4A-4631-AA72-015C4FA735D2}.Release|Any CPU.ActiveCfg = Release|Any CPU
		{DD441D1C-1F4A-4631-AA72-015C4FA735D2}.Release|Any CPU.Build.0 = Release|Any CPU
		{80C6093C-47D5-41A1-9FA0-E218E82FA666}.Debug|Any CPU.ActiveCfg = Debug|Any CPU
		{80C6093C-47D5-41A1-9FA0-E218E82FA666}.Debug|Any CPU.Build.0 = Debug|Any CPU
		{80C6093C-47D5-41A1-9FA0-E218E82FA666}.Release|Any CPU.ActiveCfg = Release|Any CPU
		{80C6093C-47D5-41A1-9FA0-E218E82FA666}.Release|Any CPU.Build.0 = Release|Any CPU
		{B7F6A2FF-FD0E-4B44-82B3-371605CD0510}.Debug|Any CPU.ActiveCfg = Debug|Any CPU
		{B7F6A2FF-FD0E-4B44-82B3-371605CD0510}.Debug|Any CPU.Build.0 = Debug|Any CPU
		{B7F6A2FF-FD0E-4B44-82B3-371605CD0510}.Release|Any CPU.ActiveCfg = Release|Any CPU
		{B7F6A2FF-FD0E-4B44-82B3-371605CD0510}.Release|Any CPU.Build.0 = Release|Any CPU
		{DEFCCB64-84E6-45B1-984C-9CAF0BA8CC23}.Debug|Any CPU.ActiveCfg = Debug|Any CPU
		{DEFCCB64-84E6-45B1-984C-9CAF0BA8CC23}.Debug|Any CPU.Build.0 = Debug|Any CPU
		{DEFCCB64-84E6-45B1-984C-9CAF0BA8CC23}.Release|Any CPU.ActiveCfg = Release|Any CPU
		{DEFCCB64-84E6-45B1-984C-9CAF0BA8CC23}.Release|Any CPU.Build.0 = Release|Any CPU
		{9794CB98-4691-4218-A127-C573C2E7FF83}.Debug|Any CPU.ActiveCfg = Debug|Any CPU
		{9794CB98-4691-4218-A127-C573C2E7FF83}.Debug|Any CPU.Build.0 = Debug|Any CPU
		{9794CB98-4691-4218-A127-C573C2E7FF83}.Release|Any CPU.ActiveCfg = Release|Any CPU
		{9794CB98-4691-4218-A127-C573C2E7FF83}.Release|Any CPU.Build.0 = Release|Any CPU
		{9984EC15-18E1-4A87-B4DB-18AC913DC4E8}.Debug|Any CPU.ActiveCfg = Debug|Any CPU
		{9984EC15-18E1-4A87-B4DB-18AC913DC4E8}.Debug|Any CPU.Build.0 = Debug|Any CPU
		{9984EC15-18E1-4A87-B4DB-18AC913DC4E8}.Release|Any CPU.ActiveCfg = Release|Any CPU
		{9984EC15-18E1-4A87-B4DB-18AC913DC4E8}.Release|Any CPU.Build.0 = Release|Any CPU
		{B4E1A7A6-5D66-4326-8A8D-39338E6FC84C}.Debug|Any CPU.ActiveCfg = Debug|Any CPU
		{B4E1A7A6-5D66-4326-8A8D-39338E6FC84C}.Debug|Any CPU.Build.0 = Debug|Any CPU
		{B4E1A7A6-5D66-4326-8A8D-39338E6FC84C}.Release|Any CPU.ActiveCfg = Release|Any CPU
		{B4E1A7A6-5D66-4326-8A8D-39338E6FC84C}.Release|Any CPU.Build.0 = Release|Any CPU
		{8994DDA1-E36B-40E5-9F98-C0C75CC61971}.Debug|Any CPU.ActiveCfg = Debug|Any CPU
		{8994DDA1-E36B-40E5-9F98-C0C75CC61971}.Debug|Any CPU.Build.0 = Debug|Any CPU
		{8994DDA1-E36B-40E5-9F98-C0C75CC61971}.Release|Any CPU.ActiveCfg = Release|Any CPU
		{8994DDA1-E36B-40E5-9F98-C0C75CC61971}.Release|Any CPU.Build.0 = Release|Any CPU
		{9C0678EB-78F2-49C6-91BF-38148FC37FBB}.Debug|Any CPU.ActiveCfg = Debug|Any CPU
		{9C0678EB-78F2-49C6-91BF-38148FC37FBB}.Debug|Any CPU.Build.0 = Debug|Any CPU
		{9C0678EB-78F2-49C6-91BF-38148FC37FBB}.Release|Any CPU.ActiveCfg = Release|Any CPU
		{9C0678EB-78F2-49C6-91BF-38148FC37FBB}.Release|Any CPU.Build.0 = Release|Any CPU
		{9587937A-A826-4785-9D1E-3A9F4A622B7C}.Debug|Any CPU.ActiveCfg = Debug|Any CPU
		{9587937A-A826-4785-9D1E-3A9F4A622B7C}.Debug|Any CPU.Build.0 = Debug|Any CPU
		{9587937A-A826-4785-9D1E-3A9F4A622B7C}.Release|Any CPU.ActiveCfg = Release|Any CPU
		{9587937A-A826-4785-9D1E-3A9F4A622B7C}.Release|Any CPU.Build.0 = Release|Any CPU
		{81B3BC65-A499-4E19-8AB4-09C6D874C540}.Debug|Any CPU.ActiveCfg = Debug|Any CPU
		{81B3BC65-A499-4E19-8AB4-09C6D874C540}.Debug|Any CPU.Build.0 = Debug|Any CPU
		{81B3BC65-A499-4E19-8AB4-09C6D874C540}.Release|Any CPU.ActiveCfg = Release|Any CPU
		{81B3BC65-A499-4E19-8AB4-09C6D874C540}.Release|Any CPU.Build.0 = Release|Any CPU
		{2419900B-1E90-4181-9338-3E84237C3B00}.Debug|Any CPU.ActiveCfg = Debug|Any CPU
		{2419900B-1E90-4181-9338-3E84237C3B00}.Debug|Any CPU.Build.0 = Debug|Any CPU
		{2419900B-1E90-4181-9338-3E84237C3B00}.Release|Any CPU.ActiveCfg = Release|Any CPU
		{2419900B-1E90-4181-9338-3E84237C3B00}.Release|Any CPU.Build.0 = Release|Any CPU
		{730D4787-C8CF-4FA1-B9F5-DC814DBEAB7A}.Debug|Any CPU.ActiveCfg = Debug|Any CPU
		{730D4787-C8CF-4FA1-B9F5-DC814DBEAB7A}.Debug|Any CPU.Build.0 = Debug|Any CPU
		{730D4787-C8CF-4FA1-B9F5-DC814DBEAB7A}.Release|Any CPU.ActiveCfg = Release|Any CPU
		{730D4787-C8CF-4FA1-B9F5-DC814DBEAB7A}.Release|Any CPU.Build.0 = Release|Any CPU
		{E34320D9-C822-41CF-B11D-C4B64001748B}.Debug|Any CPU.ActiveCfg = Debug|Any CPU
		{E34320D9-C822-41CF-B11D-C4B64001748B}.Debug|Any CPU.Build.0 = Debug|Any CPU
		{E34320D9-C822-41CF-B11D-C4B64001748B}.Release|Any CPU.ActiveCfg = Release|Any CPU
		{E34320D9-C822-41CF-B11D-C4B64001748B}.Release|Any CPU.Build.0 = Release|Any CPU
		{BA27D218-484B-4F08-BAB9-38C02181BDED}.Debug|Any CPU.ActiveCfg = Debug|Any CPU
		{BA27D218-484B-4F08-BAB9-38C02181BDED}.Debug|Any CPU.Build.0 = Debug|Any CPU
		{BA27D218-484B-4F08-BAB9-38C02181BDED}.Release|Any CPU.ActiveCfg = Release|Any CPU
		{BA27D218-484B-4F08-BAB9-38C02181BDED}.Release|Any CPU.Build.0 = Release|Any CPU
		{3067EFCC-91DE-48EA-8F7E-E0D95216C6DC}.Debug|Any CPU.ActiveCfg = Debug|Any CPU
		{3067EFCC-91DE-48EA-8F7E-E0D95216C6DC}.Debug|Any CPU.Build.0 = Debug|Any CPU
		{3067EFCC-91DE-48EA-8F7E-E0D95216C6DC}.Release|Any CPU.ActiveCfg = Release|Any CPU
		{3067EFCC-91DE-48EA-8F7E-E0D95216C6DC}.Release|Any CPU.Build.0 = Release|Any CPU
		{C86E3921-F0B8-4BFE-9EF1-0E9084326B13}.Debug|Any CPU.ActiveCfg = Debug|Any CPU
		{C86E3921-F0B8-4BFE-9EF1-0E9084326B13}.Debug|Any CPU.Build.0 = Debug|Any CPU
		{C86E3921-F0B8-4BFE-9EF1-0E9084326B13}.Release|Any CPU.ActiveCfg = Release|Any CPU
		{C86E3921-F0B8-4BFE-9EF1-0E9084326B13}.Release|Any CPU.Build.0 = Release|Any CPU
		{63227402-2B1E-4BC7-A6DF-362129923CF6}.Debug|Any CPU.ActiveCfg = Debug|Any CPU
		{63227402-2B1E-4BC7-A6DF-362129923CF6}.Debug|Any CPU.Build.0 = Debug|Any CPU
		{63227402-2B1E-4BC7-A6DF-362129923CF6}.Release|Any CPU.ActiveCfg = Release|Any CPU
		{63227402-2B1E-4BC7-A6DF-362129923CF6}.Release|Any CPU.Build.0 = Release|Any CPU
		{9CC914F9-4C3E-43BB-A34B-A12AE4923548}.Debug|Any CPU.ActiveCfg = Debug|Any CPU
		{9CC914F9-4C3E-43BB-A34B-A12AE4923548}.Debug|Any CPU.Build.0 = Debug|Any CPU
		{9CC914F9-4C3E-43BB-A34B-A12AE4923548}.Release|Any CPU.ActiveCfg = Release|Any CPU
		{9CC914F9-4C3E-43BB-A34B-A12AE4923548}.Release|Any CPU.Build.0 = Release|Any CPU
		{21A894EC-B79E-4936-BFF3-ABEAD2E5C44F}.Debug|Any CPU.ActiveCfg = Debug|Any CPU
		{21A894EC-B79E-4936-BFF3-ABEAD2E5C44F}.Debug|Any CPU.Build.0 = Debug|Any CPU
		{21A894EC-B79E-4936-BFF3-ABEAD2E5C44F}.Release|Any CPU.ActiveCfg = Release|Any CPU
		{21A894EC-B79E-4936-BFF3-ABEAD2E5C44F}.Release|Any CPU.Build.0 = Release|Any CPU
		{47A90E97-AD65-4673-91CB-B42065E9C575}.Debug|Any CPU.ActiveCfg = Debug|Any CPU
		{47A90E97-AD65-4673-91CB-B42065E9C575}.Debug|Any CPU.Build.0 = Debug|Any CPU
		{47A90E97-AD65-4673-91CB-B42065E9C575}.Release|Any CPU.ActiveCfg = Release|Any CPU
		{47A90E97-AD65-4673-91CB-B42065E9C575}.Release|Any CPU.Build.0 = Release|Any CPU
		{E46ECA77-8732-4D99-9460-FA5E2CD90266}.Debug|Any CPU.ActiveCfg = Debug|Any CPU
		{E46ECA77-8732-4D99-9460-FA5E2CD90266}.Debug|Any CPU.Build.0 = Debug|Any CPU
		{E46ECA77-8732-4D99-9460-FA5E2CD90266}.Release|Any CPU.ActiveCfg = Release|Any CPU
		{E46ECA77-8732-4D99-9460-FA5E2CD90266}.Release|Any CPU.Build.0 = Release|Any CPU
		{1D58CBBD-56A5-4A10-8DAB-F795D35150EE}.Debug|Any CPU.ActiveCfg = Debug|Any CPU
		{1D58CBBD-56A5-4A10-8DAB-F795D35150EE}.Debug|Any CPU.Build.0 = Debug|Any CPU
		{1D58CBBD-56A5-4A10-8DAB-F795D35150EE}.Release|Any CPU.ActiveCfg = Release|Any CPU
		{1D58CBBD-56A5-4A10-8DAB-F795D35150EE}.Release|Any CPU.Build.0 = Release|Any CPU
		{827FA496-0F49-4E93-8CE9-2246CCD353B8}.Debug|Any CPU.ActiveCfg = Debug|Any CPU
		{827FA496-0F49-4E93-8CE9-2246CCD353B8}.Debug|Any CPU.Build.0 = Debug|Any CPU
		{827FA496-0F49-4E93-8CE9-2246CCD353B8}.Release|Any CPU.ActiveCfg = Release|Any CPU
		{827FA496-0F49-4E93-8CE9-2246CCD353B8}.Release|Any CPU.Build.0 = Release|Any CPU
		{3E44EA28-96AE-4FAC-9E38-ADC2E12930F1}.Debug|Any CPU.ActiveCfg = Debug|Any CPU
		{3E44EA28-96AE-4FAC-9E38-ADC2E12930F1}.Debug|Any CPU.Build.0 = Debug|Any CPU
		{3E44EA28-96AE-4FAC-9E38-ADC2E12930F1}.Release|Any CPU.ActiveCfg = Release|Any CPU
		{3E44EA28-96AE-4FAC-9E38-ADC2E12930F1}.Release|Any CPU.Build.0 = Release|Any CPU
		{744D38A4-773E-4EA3-9DAB-30394AD65678}.Debug|Any CPU.ActiveCfg = Debug|Any CPU
		{744D38A4-773E-4EA3-9DAB-30394AD65678}.Debug|Any CPU.Build.0 = Debug|Any CPU
		{744D38A4-773E-4EA3-9DAB-30394AD65678}.Release|Any CPU.ActiveCfg = Release|Any CPU
		{744D38A4-773E-4EA3-9DAB-30394AD65678}.Release|Any CPU.Build.0 = Release|Any CPU
		{10E0CB25-B295-4624-BF3D-CA038B73CCCA}.Debug|Any CPU.ActiveCfg = Debug|Any CPU
		{10E0CB25-B295-4624-BF3D-CA038B73CCCA}.Debug|Any CPU.Build.0 = Debug|Any CPU
		{10E0CB25-B295-4624-BF3D-CA038B73CCCA}.Release|Any CPU.ActiveCfg = Release|Any CPU
		{10E0CB25-B295-4624-BF3D-CA038B73CCCA}.Release|Any CPU.Build.0 = Release|Any CPU
		{8D357EC0-9082-4B4E-82D8-AE65AC655EB8}.Debug|Any CPU.ActiveCfg = Debug|Any CPU
		{8D357EC0-9082-4B4E-82D8-AE65AC655EB8}.Debug|Any CPU.Build.0 = Debug|Any CPU
		{8D357EC0-9082-4B4E-82D8-AE65AC655EB8}.Release|Any CPU.ActiveCfg = Release|Any CPU
		{8D357EC0-9082-4B4E-82D8-AE65AC655EB8}.Release|Any CPU.Build.0 = Release|Any CPU
		{E3B34783-7DF1-4775-AD36-5C57B8BCF2CF}.Debug|Any CPU.ActiveCfg = Debug|Any CPU
		{E3B34783-7DF1-4775-AD36-5C57B8BCF2CF}.Debug|Any CPU.Build.0 = Debug|Any CPU
		{E3B34783-7DF1-4775-AD36-5C57B8BCF2CF}.Release|Any CPU.ActiveCfg = Release|Any CPU
		{E3B34783-7DF1-4775-AD36-5C57B8BCF2CF}.Release|Any CPU.Build.0 = Release|Any CPU
		{71A408E4-299C-4A71-AD98-92354588BFDD}.Debug|Any CPU.ActiveCfg = Debug|Any CPU
		{71A408E4-299C-4A71-AD98-92354588BFDD}.Debug|Any CPU.Build.0 = Debug|Any CPU
		{71A408E4-299C-4A71-AD98-92354588BFDD}.Release|Any CPU.ActiveCfg = Release|Any CPU
		{71A408E4-299C-4A71-AD98-92354588BFDD}.Release|Any CPU.Build.0 = Release|Any CPU
		{9FB384A3-3D5C-43B1-BB3A-26E66CF1D511}.Debug|Any CPU.ActiveCfg = Debug|Any CPU
		{9FB384A3-3D5C-43B1-BB3A-26E66CF1D511}.Debug|Any CPU.Build.0 = Debug|Any CPU
		{9FB384A3-3D5C-43B1-BB3A-26E66CF1D511}.Release|Any CPU.ActiveCfg = Release|Any CPU
		{9FB384A3-3D5C-43B1-BB3A-26E66CF1D511}.Release|Any CPU.Build.0 = Release|Any CPU
		{AC8E1A36-2651-441D-9ADF-EDEF0239409A}.Debug|Any CPU.ActiveCfg = Debug|Any CPU
		{AC8E1A36-2651-441D-9ADF-EDEF0239409A}.Debug|Any CPU.Build.0 = Debug|Any CPU
		{AC8E1A36-2651-441D-9ADF-EDEF0239409A}.Release|Any CPU.ActiveCfg = Release|Any CPU
		{AC8E1A36-2651-441D-9ADF-EDEF0239409A}.Release|Any CPU.Build.0 = Release|Any CPU
		{16AC3712-E03D-4EBC-AB55-807FC9C46066}.Debug|Any CPU.ActiveCfg = Debug|Any CPU
		{16AC3712-E03D-4EBC-AB55-807FC9C46066}.Debug|Any CPU.Build.0 = Debug|Any CPU
		{16AC3712-E03D-4EBC-AB55-807FC9C46066}.Release|Any CPU.ActiveCfg = Release|Any CPU
		{16AC3712-E03D-4EBC-AB55-807FC9C46066}.Release|Any CPU.Build.0 = Release|Any CPU
		{AB0C93F9-62A1-4337-8853-41E072544DBE}.Debug|Any CPU.ActiveCfg = Debug|Any CPU
		{AB0C93F9-62A1-4337-8853-41E072544DBE}.Debug|Any CPU.Build.0 = Debug|Any CPU
		{AB0C93F9-62A1-4337-8853-41E072544DBE}.Release|Any CPU.ActiveCfg = Release|Any CPU
		{AB0C93F9-62A1-4337-8853-41E072544DBE}.Release|Any CPU.Build.0 = Release|Any CPU
	EndGlobalSection
	GlobalSection(SolutionProperties) = preSolution
		HideSolutionNode = FALSE
	EndGlobalSection
	GlobalSection(NestedProjects) = preSolution
		{29CA1DA2-440D-484B-951A-CF1B2EB27984} = {F981A8AC-E660-492B-8BF3-CBF70B66E392}
		{E35E7C4A-5690-4979-8B43-002975B48EAA} = {F981A8AC-E660-492B-8BF3-CBF70B66E392}
		{BB030128-9609-46D5-941C-1F53D95157E2} = {3960070E-93C9-4852-8A53-F4918D602782}
		{CCFDB136-3EE3-4AED-AA69-26ABBCB553C6} = {F981A8AC-E660-492B-8BF3-CBF70B66E392}
		{23BA5FA7-8BD6-4AE1-9895-54F119DD15FA} = {F981A8AC-E660-492B-8BF3-CBF70B66E392}
		{DD441D1C-1F4A-4631-AA72-015C4FA735D2} = {F981A8AC-E660-492B-8BF3-CBF70B66E392}
		{80C6093C-47D5-41A1-9FA0-E218E82FA666} = {003B008B-F388-4FB5-A081-12C0FBA84B57}
		{B7F6A2FF-FD0E-4B44-82B3-371605CD0510} = {003B008B-F388-4FB5-A081-12C0FBA84B57}
		{DEFCCB64-84E6-45B1-984C-9CAF0BA8CC23} = {3AC1A3D4-91D0-471A-AF9C-5EF8442F3F27}
		{9794CB98-4691-4218-A127-C573C2E7FF83} = {08D2F8D6-1E89-4414-80F5-3607D3174879}
		{8994DDA1-E36B-40E5-9F98-C0C75CC61971} = {08D2F8D6-1E89-4414-80F5-3607D3174879}
		{9C0678EB-78F2-49C6-91BF-38148FC37FBB} = {08D2F8D6-1E89-4414-80F5-3607D3174879}
		{9587937A-A826-4785-9D1E-3A9F4A622B7C} = {08D2F8D6-1E89-4414-80F5-3607D3174879}
		{81B3BC65-A499-4E19-8AB4-09C6D874C540} = {08D2F8D6-1E89-4414-80F5-3607D3174879}
		{2419900B-1E90-4181-9338-3E84237C3B00} = {08D2F8D6-1E89-4414-80F5-3607D3174879}
		{730D4787-C8CF-4FA1-B9F5-DC814DBEAB7A} = {08D2F8D6-1E89-4414-80F5-3607D3174879}
		{E34320D9-C822-41CF-B11D-C4B64001748B} = {08D2F8D6-1E89-4414-80F5-3607D3174879}
		{BA27D218-484B-4F08-BAB9-38C02181BDED} = {003B008B-F388-4FB5-A081-12C0FBA84B57}
		{C86E3921-F0B8-4BFE-9EF1-0E9084326B13} = {FE769B0F-5C0F-4A54-81F6-CF878ACCAB3D}
		{63227402-2B1E-4BC7-A6DF-362129923CF6} = {FE769B0F-5C0F-4A54-81F6-CF878ACCAB3D}
		{9CC914F9-4C3E-43BB-A34B-A12AE4923548} = {FE769B0F-5C0F-4A54-81F6-CF878ACCAB3D}
		{21A894EC-B79E-4936-BFF3-ABEAD2E5C44F} = {FE769B0F-5C0F-4A54-81F6-CF878ACCAB3D}
		{47A90E97-AD65-4673-91CB-B42065E9C575} = {FE769B0F-5C0F-4A54-81F6-CF878ACCAB3D}
		{E46ECA77-8732-4D99-9460-FA5E2CD90266} = {FE769B0F-5C0F-4A54-81F6-CF878ACCAB3D}
		{1D58CBBD-56A5-4A10-8DAB-F795D35150EE} = {FE769B0F-5C0F-4A54-81F6-CF878ACCAB3D}
		{827FA496-0F49-4E93-8CE9-2246CCD353B8} = {FE769B0F-5C0F-4A54-81F6-CF878ACCAB3D}
		{3E44EA28-96AE-4FAC-9E38-ADC2E12930F1} = {164EF13E-7F27-4BC8-92A4-A82B1696B279}
		{4CC78350-9E01-465A-AC60-E31A53CEFE24} = {A802BD59-CC36-4CB1-95B1-64CD72E1DC0C}
		{744D38A4-773E-4EA3-9DAB-30394AD65678} = {F981A8AC-E660-492B-8BF3-CBF70B66E392}
		{003B008B-F388-4FB5-A081-12C0FBA84B57} = {F981A8AC-E660-492B-8BF3-CBF70B66E392}
		{3AC1A3D4-91D0-471A-AF9C-5EF8442F3F27} = {003B008B-F388-4FB5-A081-12C0FBA84B57}
		{3960070E-93C9-4852-8A53-F4918D602782} = {F981A8AC-E660-492B-8BF3-CBF70B66E392}
		{A802BD59-CC36-4CB1-95B1-64CD72E1DC0C} = {F981A8AC-E660-492B-8BF3-CBF70B66E392}
		{57631341-C61B-49C6-A6ED-317EC42B1581} = {A802BD59-CC36-4CB1-95B1-64CD72E1DC0C}
		{E7A4800F-B2ED-4495-B847-C4BF5654E24E} = {A802BD59-CC36-4CB1-95B1-64CD72E1DC0C}
		{10E0CB25-B295-4624-BF3D-CA038B73CCCA} = {164EF13E-7F27-4BC8-92A4-A82B1696B279}
		{8D357EC0-9082-4B4E-82D8-AE65AC655EB8} = {26B03049-0A3C-4C36-ACC1-F8B13C95EE2E}
		{E3B34783-7DF1-4775-AD36-5C57B8BCF2CF} = {26B03049-0A3C-4C36-ACC1-F8B13C95EE2E}
		{71A408E4-299C-4A71-AD98-92354588BFDD} = {26B03049-0A3C-4C36-ACC1-F8B13C95EE2E}
		{9FB384A3-3D5C-43B1-BB3A-26E66CF1D511} = {26B03049-0A3C-4C36-ACC1-F8B13C95EE2E}
		{AC8E1A36-2651-441D-9ADF-EDEF0239409A} = {26B03049-0A3C-4C36-ACC1-F8B13C95EE2E}
		{16AC3712-E03D-4EBC-AB55-807FC9C46066} = {26B03049-0A3C-4C36-ACC1-F8B13C95EE2E}
		{AB0C93F9-62A1-4337-8853-41E072544DBE} = {26B03049-0A3C-4C36-ACC1-F8B13C95EE2E}
	EndGlobalSection
	GlobalSection(ExtensibilityGlobals) = postSolution
		SolutionGuid = {C8C4D9F7-EF86-49A2-83AF-13FA5D4E8DBB}
	EndGlobalSection
EndGlobal
