
Microsoft Visual Studio Solution File, Format Version 12.00
# Visual Studio 15
VisualStudioVersion = 15.0.27004.2002
MinimumVisualStudioVersion = 10.0.40219.1
Project("{FAE04EC0-301F-11D3-BF4B-00C04F79EFBC}") = "NFe.AppTeste", "NFe.AppTeste\NFe.AppTeste.csproj", "{BB030128-9609-46D5-941C-1F53D95157E2}"
EndProject
Project("{FAE04EC0-301F-11D3-BF4B-00C04F79EFBC}") = "MDFe.AppTeste", "MDFe.AppTeste\MDFe.AppTeste.csproj", "{8994DDA1-E36B-40E5-9F98-C0C75CC61971}"
EndProject
Project("{FAE04EC0-301F-11D3-BF4B-00C04F79EFBC}") = "CTe.AppTeste", "CTe.AppTeste\CTe.AppTeste.csproj", "{47A90E97-AD65-4673-91CB-B42065E9C575}"
EndProject
Project("{FAE04EC0-301F-11D3-BF4B-00C04F79EFBC}") = "DFe", "DFe\DFe.csproj", "{5D92FE73-17C8-4F06-B9AF-7F8F70B6D8C4}"
EndProject
Project("{2150E333-8FDC-42A3-9474-1A3956D46DE8}") = "Testes", "Testes", "{87AE1A76-1054-4B1D-832E-540A779BED70}"
EndProject
Project("{FAE04EC0-301F-11D3-BF4B-00C04F79EFBC}") = "DFeTeste", "DFeTeste\DFeTeste.csproj", "{6D040D1F-E079-4E32-B7DF-6E13D5141180}"
EndProject
Project("{9A19103F-16F7-4668-BE54-9A1E7A4F7556}") = "DFeStandard", "DFeStandard\DFeStandard.csproj", "{19C22E52-EC12-410E-8855-4126994B3842}"
EndProject
Project("{2150E333-8FDC-42A3-9474-1A3956D46DE8}") = "AppsTeste", "AppsTeste", "{5CFAEE9A-FFB3-41AE-8AD7-56FA08147D42}"
EndProject
Global
	GlobalSection(SolutionConfigurationPlatforms) = preSolution
		Debug|Any CPU = Debug|Any CPU
		Release|Any CPU = Release|Any CPU
	EndGlobalSection
	GlobalSection(ProjectConfigurationPlatforms) = postSolution
		{BB030128-9609-46D5-941C-1F53D95157E2}.Debug|Any CPU.ActiveCfg = Debug|Any CPU
		{BB030128-9609-46D5-941C-1F53D95157E2}.Debug|Any CPU.Build.0 = Debug|Any CPU
		{BB030128-9609-46D5-941C-1F53D95157E2}.Release|Any CPU.ActiveCfg = Release|Any CPU
		{BB030128-9609-46D5-941C-1F53D95157E2}.Release|Any CPU.Build.0 = Release|Any CPU
		{8994DDA1-E36B-40E5-9F98-C0C75CC61971}.Debug|Any CPU.ActiveCfg = Debug|Any CPU
		{8994DDA1-E36B-40E5-9F98-C0C75CC61971}.Debug|Any CPU.Build.0 = Debug|Any CPU
		{8994DDA1-E36B-40E5-9F98-C0C75CC61971}.Release|Any CPU.ActiveCfg = Release|Any CPU
		{8994DDA1-E36B-40E5-9F98-C0C75CC61971}.Release|Any CPU.Build.0 = Release|Any CPU
		{47A90E97-AD65-4673-91CB-B42065E9C575}.Debug|Any CPU.ActiveCfg = Debug|Any CPU
		{47A90E97-AD65-4673-91CB-B42065E9C575}.Debug|Any CPU.Build.0 = Debug|Any CPU
		{47A90E97-AD65-4673-91CB-B42065E9C575}.Release|Any CPU.ActiveCfg = Release|Any CPU
		{47A90E97-AD65-4673-91CB-B42065E9C575}.Release|Any CPU.Build.0 = Release|Any CPU
		{5D92FE73-17C8-4F06-B9AF-7F8F70B6D8C4}.Debug|Any CPU.ActiveCfg = Debug|Any CPU
		{5D92FE73-17C8-4F06-B9AF-7F8F70B6D8C4}.Debug|Any CPU.Build.0 = Debug|Any CPU
		{5D92FE73-17C8-4F06-B9AF-7F8F70B6D8C4}.Release|Any CPU.ActiveCfg = Release|Any CPU
		{5D92FE73-17C8-4F06-B9AF-7F8F70B6D8C4}.Release|Any CPU.Build.0 = Release|Any CPU
		{6D040D1F-E079-4E32-B7DF-6E13D5141180}.Debug|Any CPU.ActiveCfg = Debug|Any CPU
		{6D040D1F-E079-4E32-B7DF-6E13D5141180}.Debug|Any CPU.Build.0 = Debug|Any CPU
		{6D040D1F-E079-4E32-B7DF-6E13D5141180}.Release|Any CPU.ActiveCfg = Release|Any CPU
		{6D040D1F-E079-4E32-B7DF-6E13D5141180}.Release|Any CPU.Build.0 = Release|Any CPU
		{19C22E52-EC12-410E-8855-4126994B3842}.Debug|Any CPU.ActiveCfg = Debug|Any CPU
		{19C22E52-EC12-410E-8855-4126994B3842}.Debug|Any CPU.Build.0 = Debug|Any CPU
		{19C22E52-EC12-410E-8855-4126994B3842}.Release|Any CPU.ActiveCfg = Release|Any CPU
		{19C22E52-EC12-410E-8855-4126994B3842}.Release|Any CPU.Build.0 = Release|Any CPU
	EndGlobalSection
	GlobalSection(SolutionProperties) = preSolution
		HideSolutionNode = FALSE
	EndGlobalSection
	GlobalSection(NestedProjects) = preSolution
		{BB030128-9609-46D5-941C-1F53D95157E2} = {5CFAEE9A-FFB3-41AE-8AD7-56FA08147D42}
		{8994DDA1-E36B-40E5-9F98-C0C75CC61971} = {5CFAEE9A-FFB3-41AE-8AD7-56FA08147D42}
		{47A90E97-AD65-4673-91CB-B42065E9C575} = {5CFAEE9A-FFB3-41AE-8AD7-56FA08147D42}
		{6D040D1F-E079-4E32-B7DF-6E13D5141180} = {87AE1A76-1054-4B1D-832E-540A779BED70}
	EndGlobalSection
	GlobalSection(ExtensibilityGlobals) = postSolution
		SolutionGuid = {EFB85CF1-8D58-4BA0-B597-57DA1C3E53AF}
	EndGlobalSection
EndGlobal
